// !$*UTF8*$!
{
	archiveVersion = 1;
	classes = {
	};
	objectVersion = 55;
	objects = {

/* Begin PBXBuildFile section */
		34A5B7A3869A96DB4E220ACA /* Pods_Instagram.framework in Frameworks */ = {isa = PBXBuildFile; fileRef = 472F03FF65D1A81D59C6040F /* Pods_Instagram.framework */; };
		40A23682E2697E865BC640E7 /* Pods_Instagram_InstagramUITests.framework in Frameworks */ = {isa = PBXBuildFile; fileRef = 5D1BD89566B16ED06ABC88AA /* Pods_Instagram_InstagramUITests.framework */; };
		674E2C869C493395CBCA2E69 /* Pods_InstagramTests.framework in Frameworks */ = {isa = PBXBuildFile; fileRef = 9A0EB7433D88EB15682ECFDE /* Pods_InstagramTests.framework */; };
		C2069268286A61E900B1F460 /* AppDelegate.m in Sources */ = {isa = PBXBuildFile; fileRef = C2069267286A61E900B1F460 /* AppDelegate.m */; };
		C206926B286A61E900B1F460 /* SceneDelegate.m in Sources */ = {isa = PBXBuildFile; fileRef = C206926A286A61E900B1F460 /* SceneDelegate.m */; };
		C206926E286A61E900B1F460 /* ViewController.m in Sources */ = {isa = PBXBuildFile; fileRef = C206926D286A61E900B1F460 /* ViewController.m */; };
		C2069271286A61E900B1F460 /* Main.storyboard in Resources */ = {isa = PBXBuildFile; fileRef = C206926F286A61E900B1F460 /* Main.storyboard */; };
		C2069273286A61EA00B1F460 /* Assets.xcassets in Resources */ = {isa = PBXBuildFile; fileRef = C2069272286A61EA00B1F460 /* Assets.xcassets */; };
		C2069276286A61EA00B1F460 /* LaunchScreen.storyboard in Resources */ = {isa = PBXBuildFile; fileRef = C2069274286A61EA00B1F460 /* LaunchScreen.storyboard */; };
		C2069279286A61EA00B1F460 /* main.m in Sources */ = {isa = PBXBuildFile; fileRef = C2069278286A61EA00B1F460 /* main.m */; };
		C2069283286A61EA00B1F460 /* InstagramTests.m in Sources */ = {isa = PBXBuildFile; fileRef = C2069282286A61EA00B1F460 /* InstagramTests.m */; };
		C206928D286A61EA00B1F460 /* InstagramUITests.m in Sources */ = {isa = PBXBuildFile; fileRef = C206928C286A61EA00B1F460 /* InstagramUITests.m */; };
		C206928F286A61EA00B1F460 /* InstagramUITestsLaunchTests.m in Sources */ = {isa = PBXBuildFile; fileRef = C206928E286A61EA00B1F460 /* InstagramUITestsLaunchTests.m */; };
		C206929D286CD2FC00B1F460 /* LogInViewController.m in Sources */ = {isa = PBXBuildFile; fileRef = C206929C286CD2FC00B1F460 /* LogInViewController.m */; };
		C2B2431028739479003EAE4C /* SignUpViewController.m in Sources */ = {isa = PBXBuildFile; fileRef = C2B2430F28739479003EAE4C /* SignUpViewController.m */; };
		C2B243142873BC5B003EAE4C /* User.m in Sources */ = {isa = PBXBuildFile; fileRef = C2B243132873BC5B003EAE4C /* User.m */; };
		C2B2431828740A34003EAE4C /* HomeFeedViewController.m in Sources */ = {isa = PBXBuildFile; fileRef = C2B2431728740A34003EAE4C /* HomeFeedViewController.m */; };
		C2B2431F287417C5003EAE4C /* PhotoMapViewController.m in Sources */ = {isa = PBXBuildFile; fileRef = C2B2431E287417C5003EAE4C /* PhotoMapViewController.m */; };
		C2B2432528744783003EAE4C /* Post.m in Sources */ = {isa = PBXBuildFile; fileRef = C2B2432428744783003EAE4C /* Post.m */; };
		C2B24377287607A6003EAE4C /* ProfileViewController.m in Sources */ = {isa = PBXBuildFile; fileRef = C2B24376287607A6003EAE4C /* ProfileViewController.m */; };
		C2B2437C28761084003EAE4C /* PostCell.m in Sources */ = {isa = PBXBuildFile; fileRef = C2B2437B28761084003EAE4C /* PostCell.m */; };
/* End PBXBuildFile section */

/* Begin PBXContainerItemProxy section */
		C206927F286A61EA00B1F460 /* PBXContainerItemProxy */ = {
			isa = PBXContainerItemProxy;
			containerPortal = C206925B286A61E900B1F460 /* Project object */;
			proxyType = 1;
			remoteGlobalIDString = C2069262286A61E900B1F460;
			remoteInfo = Instagram;
		};
		C2069289286A61EA00B1F460 /* PBXContainerItemProxy */ = {
			isa = PBXContainerItemProxy;
			containerPortal = C206925B286A61E900B1F460 /* Project object */;
			proxyType = 1;
			remoteGlobalIDString = C2069262286A61E900B1F460;
			remoteInfo = Instagram;
		};
/* End PBXContainerItemProxy section */

/* Begin PBXFileReference section */
		33D69D322690B6561E6C12C0 /* Pods-Instagram.debug.xcconfig */ = {isa = PBXFileReference; includeInIndex = 1; lastKnownFileType = text.xcconfig; name = "Pods-Instagram.debug.xcconfig"; path = "Target Support Files/Pods-Instagram/Pods-Instagram.debug.xcconfig"; sourceTree = "<group>"; };
		472F03FF65D1A81D59C6040F /* Pods_Instagram.framework */ = {isa = PBXFileReference; explicitFileType = wrapper.framework; includeInIndex = 0; path = Pods_Instagram.framework; sourceTree = BUILT_PRODUCTS_DIR; };
		5D1BD89566B16ED06ABC88AA /* Pods_Instagram_InstagramUITests.framework */ = {isa = PBXFileReference; explicitFileType = wrapper.framework; includeInIndex = 0; path = Pods_Instagram_InstagramUITests.framework; sourceTree = BUILT_PRODUCTS_DIR; };
		68C4964B4D73FA690D77B758 /* Pods-Instagram-InstagramUITests.release.xcconfig */ = {isa = PBXFileReference; includeInIndex = 1; lastKnownFileType = text.xcconfig; name = "Pods-Instagram-InstagramUITests.release.xcconfig"; path = "Target Support Files/Pods-Instagram-InstagramUITests/Pods-Instagram-InstagramUITests.release.xcconfig"; sourceTree = "<group>"; };
		7F47120A8AEC3628DF565D27 /* Pods-InstagramTests.release.xcconfig */ = {isa = PBXFileReference; includeInIndex = 1; lastKnownFileType = text.xcconfig; name = "Pods-InstagramTests.release.xcconfig"; path = "Target Support Files/Pods-InstagramTests/Pods-InstagramTests.release.xcconfig"; sourceTree = "<group>"; };
		9A0EB7433D88EB15682ECFDE /* Pods_InstagramTests.framework */ = {isa = PBXFileReference; explicitFileType = wrapper.framework; includeInIndex = 0; path = Pods_InstagramTests.framework; sourceTree = BUILT_PRODUCTS_DIR; };
		A26DC415542498828D305860 /* Pods-Instagram.release.xcconfig */ = {isa = PBXFileReference; includeInIndex = 1; lastKnownFileType = text.xcconfig; name = "Pods-Instagram.release.xcconfig"; path = "Target Support Files/Pods-Instagram/Pods-Instagram.release.xcconfig"; sourceTree = "<group>"; };
		C2069263286A61E900B1F460 /* Instagram.app */ = {isa = PBXFileReference; explicitFileType = wrapper.application; includeInIndex = 0; path = Instagram.app; sourceTree = BUILT_PRODUCTS_DIR; };
		C2069266286A61E900B1F460 /* AppDelegate.h */ = {isa = PBXFileReference; lastKnownFileType = sourcecode.c.h; path = AppDelegate.h; sourceTree = "<group>"; };
		C2069267286A61E900B1F460 /* AppDelegate.m */ = {isa = PBXFileReference; lastKnownFileType = sourcecode.c.objc; path = AppDelegate.m; sourceTree = "<group>"; };
		C2069269286A61E900B1F460 /* SceneDelegate.h */ = {isa = PBXFileReference; lastKnownFileType = sourcecode.c.h; path = SceneDelegate.h; sourceTree = "<group>"; };
		C206926A286A61E900B1F460 /* SceneDelegate.m */ = {isa = PBXFileReference; lastKnownFileType = sourcecode.c.objc; path = SceneDelegate.m; sourceTree = "<group>"; };
		C206926C286A61E900B1F460 /* ViewController.h */ = {isa = PBXFileReference; lastKnownFileType = sourcecode.c.h; path = ViewController.h; sourceTree = "<group>"; };
		C206926D286A61E900B1F460 /* ViewController.m */ = {isa = PBXFileReference; lastKnownFileType = sourcecode.c.objc; path = ViewController.m; sourceTree = "<group>"; };
		C2069270286A61E900B1F460 /* Base */ = {isa = PBXFileReference; lastKnownFileType = file.storyboard; name = Base; path = Base.lproj/Main.storyboard; sourceTree = "<group>"; };
		C2069272286A61EA00B1F460 /* Assets.xcassets */ = {isa = PBXFileReference; lastKnownFileType = folder.assetcatalog; path = Assets.xcassets; sourceTree = "<group>"; };
		C2069275286A61EA00B1F460 /* Base */ = {isa = PBXFileReference; lastKnownFileType = file.storyboard; name = Base; path = Base.lproj/LaunchScreen.storyboard; sourceTree = "<group>"; };
		C2069277286A61EA00B1F460 /* Info.plist */ = {isa = PBXFileReference; lastKnownFileType = text.plist.xml; path = Info.plist; sourceTree = "<group>"; };
		C2069278286A61EA00B1F460 /* main.m */ = {isa = PBXFileReference; lastKnownFileType = sourcecode.c.objc; path = main.m; sourceTree = "<group>"; };
		C206927E286A61EA00B1F460 /* InstagramTests.xctest */ = {isa = PBXFileReference; explicitFileType = wrapper.cfbundle; includeInIndex = 0; path = InstagramTests.xctest; sourceTree = BUILT_PRODUCTS_DIR; };
		C2069282286A61EA00B1F460 /* InstagramTests.m */ = {isa = PBXFileReference; lastKnownFileType = sourcecode.c.objc; path = InstagramTests.m; sourceTree = "<group>"; };
		C2069288286A61EA00B1F460 /* InstagramUITests.xctest */ = {isa = PBXFileReference; explicitFileType = wrapper.cfbundle; includeInIndex = 0; path = InstagramUITests.xctest; sourceTree = BUILT_PRODUCTS_DIR; };
		C206928C286A61EA00B1F460 /* InstagramUITests.m */ = {isa = PBXFileReference; lastKnownFileType = sourcecode.c.objc; path = InstagramUITests.m; sourceTree = "<group>"; };
		C206928E286A61EA00B1F460 /* InstagramUITestsLaunchTests.m */ = {isa = PBXFileReference; lastKnownFileType = sourcecode.c.objc; path = InstagramUITestsLaunchTests.m; sourceTree = "<group>"; };
		C206929B286CD2FC00B1F460 /* LogInViewController.h */ = {isa = PBXFileReference; lastKnownFileType = sourcecode.c.h; path = LogInViewController.h; sourceTree = "<group>"; };
		C206929C286CD2FC00B1F460 /* LogInViewController.m */ = {isa = PBXFileReference; lastKnownFileType = sourcecode.c.objc; path = LogInViewController.m; sourceTree = "<group>"; };
		C2B2430E28739479003EAE4C /* SignUpViewController.h */ = {isa = PBXFileReference; lastKnownFileType = sourcecode.c.h; path = SignUpViewController.h; sourceTree = "<group>"; };
		C2B2430F28739479003EAE4C /* SignUpViewController.m */ = {isa = PBXFileReference; lastKnownFileType = sourcecode.c.objc; path = SignUpViewController.m; sourceTree = "<group>"; };
		C2B243132873BC5B003EAE4C /* User.m */ = {isa = PBXFileReference; lastKnownFileType = sourcecode.c.objc; path = User.m; sourceTree = "<group>"; };
		C2B243152873BC5E003EAE4C /* User.h */ = {isa = PBXFileReference; lastKnownFileType = sourcecode.c.h; path = User.h; sourceTree = "<group>"; };
		C2B2431628740A34003EAE4C /* HomeFeedViewController.h */ = {isa = PBXFileReference; lastKnownFileType = sourcecode.c.h; path = HomeFeedViewController.h; sourceTree = "<group>"; };
		C2B2431728740A34003EAE4C /* HomeFeedViewController.m */ = {isa = PBXFileReference; lastKnownFileType = sourcecode.c.objc; path = HomeFeedViewController.m; sourceTree = "<group>"; };
		C2B2431D287417C5003EAE4C /* PhotoMapViewController.h */ = {isa = PBXFileReference; lastKnownFileType = sourcecode.c.h; path = PhotoMapViewController.h; sourceTree = "<group>"; };
		C2B2431E287417C5003EAE4C /* PhotoMapViewController.m */ = {isa = PBXFileReference; lastKnownFileType = sourcecode.c.objc; path = PhotoMapViewController.m; sourceTree = "<group>"; };
		C2B2432328744783003EAE4C /* Post.h */ = {isa = PBXFileReference; lastKnownFileType = sourcecode.c.h; path = Post.h; sourceTree = "<group>"; };
		C2B2432428744783003EAE4C /* Post.m */ = {isa = PBXFileReference; lastKnownFileType = sourcecode.c.objc; path = Post.m; sourceTree = "<group>"; };
		C2B24375287607A6003EAE4C /* ProfileViewController.h */ = {isa = PBXFileReference; lastKnownFileType = sourcecode.c.h; path = ProfileViewController.h; sourceTree = "<group>"; };
		C2B24376287607A6003EAE4C /* ProfileViewController.m */ = {isa = PBXFileReference; lastKnownFileType = sourcecode.c.objc; path = ProfileViewController.m; sourceTree = "<group>"; };
		C2B2437A28761081003EAE4C /* PostCell.h */ = {isa = PBXFileReference; lastKnownFileType = sourcecode.c.h; path = PostCell.h; sourceTree = "<group>"; };
		C2B2437B28761084003EAE4C /* PostCell.m */ = {isa = PBXFileReference; lastKnownFileType = sourcecode.c.objc; path = PostCell.m; sourceTree = "<group>"; };
		C4C1541C4A1C66E4D60EC225 /* Pods-Instagram-InstagramUITests.debug.xcconfig */ = {isa = PBXFileReference; includeInIndex = 1; lastKnownFileType = text.xcconfig; name = "Pods-Instagram-InstagramUITests.debug.xcconfig"; path = "Target Support Files/Pods-Instagram-InstagramUITests/Pods-Instagram-InstagramUITests.debug.xcconfig"; sourceTree = "<group>"; };
		CAE0E57D0787CF2EA4EF150D /* Pods-InstagramTests.debug.xcconfig */ = {isa = PBXFileReference; includeInIndex = 1; lastKnownFileType = text.xcconfig; name = "Pods-InstagramTests.debug.xcconfig"; path = "Target Support Files/Pods-InstagramTests/Pods-InstagramTests.debug.xcconfig"; sourceTree = "<group>"; };
/* End PBXFileReference section */

/* Begin PBXFrameworksBuildPhase section */
		C2069260286A61E900B1F460 /* Frameworks */ = {
			isa = PBXFrameworksBuildPhase;
			buildActionMask = 2147483647;
			files = (
				34A5B7A3869A96DB4E220ACA /* Pods_Instagram.framework in Frameworks */,
			);
			runOnlyForDeploymentPostprocessing = 0;
		};
		C206927B286A61EA00B1F460 /* Frameworks */ = {
			isa = PBXFrameworksBuildPhase;
			buildActionMask = 2147483647;
			files = (
				674E2C869C493395CBCA2E69 /* Pods_InstagramTests.framework in Frameworks */,
			);
			runOnlyForDeploymentPostprocessing = 0;
		};
		C2069285286A61EA00B1F460 /* Frameworks */ = {
			isa = PBXFrameworksBuildPhase;
			buildActionMask = 2147483647;
			files = (
				40A23682E2697E865BC640E7 /* Pods_Instagram_InstagramUITests.framework in Frameworks */,
			);
			runOnlyForDeploymentPostprocessing = 0;
		};
/* End PBXFrameworksBuildPhase section */

/* Begin PBXGroup section */
		59F7DD266B0E8D4E6C189E53 /* Pods */ = {
			isa = PBXGroup;
			children = (
				33D69D322690B6561E6C12C0 /* Pods-Instagram.debug.xcconfig */,
				A26DC415542498828D305860 /* Pods-Instagram.release.xcconfig */,
				C4C1541C4A1C66E4D60EC225 /* Pods-Instagram-InstagramUITests.debug.xcconfig */,
				68C4964B4D73FA690D77B758 /* Pods-Instagram-InstagramUITests.release.xcconfig */,
				CAE0E57D0787CF2EA4EF150D /* Pods-InstagramTests.debug.xcconfig */,
				7F47120A8AEC3628DF565D27 /* Pods-InstagramTests.release.xcconfig */,
			);
			path = Pods;
			sourceTree = "<group>";
		};
		A9FE14B7CAF253BB340C32B5 /* Frameworks */ = {
			isa = PBXGroup;
			children = (
				472F03FF65D1A81D59C6040F /* Pods_Instagram.framework */,
				5D1BD89566B16ED06ABC88AA /* Pods_Instagram_InstagramUITests.framework */,
				9A0EB7433D88EB15682ECFDE /* Pods_InstagramTests.framework */,
			);
			name = Frameworks;
			sourceTree = "<group>";
		};
		C206925A286A61E900B1F460 = {
			isa = PBXGroup;
			children = (
				C2069265286A61E900B1F460 /* Instagram */,
				C2069281286A61EA00B1F460 /* InstagramTests */,
				C206928B286A61EA00B1F460 /* InstagramUITests */,
				C2069264286A61E900B1F460 /* Products */,
				59F7DD266B0E8D4E6C189E53 /* Pods */,
				A9FE14B7CAF253BB340C32B5 /* Frameworks */,
			);
			sourceTree = "<group>";
		};
		C2069264286A61E900B1F460 /* Products */ = {
			isa = PBXGroup;
			children = (
				C2069263286A61E900B1F460 /* Instagram.app */,
				C206927E286A61EA00B1F460 /* InstagramTests.xctest */,
				C2069288286A61EA00B1F460 /* InstagramUITests.xctest */,
			);
			name = Products;
			sourceTree = "<group>";
		};
		C2069265286A61E900B1F460 /* Instagram */ = {
			isa = PBXGroup;
			children = (
				C2B2431B2874150E003EAE4C /* View Controllers */,
				C206926F286A61E900B1F460 /* Main.storyboard */,
				C2B2437A28761081003EAE4C /* PostCell.h */,
				C2B2437B28761084003EAE4C /* PostCell.m */,
				C2B2432328744783003EAE4C /* Post.h */,
				C2B2432428744783003EAE4C /* Post.m */,
				C2B243132873BC5B003EAE4C /* User.m */,
				C2B243152873BC5E003EAE4C /* User.h */,
				C206926A286A61E900B1F460 /* SceneDelegate.m */,
				C2069269286A61E900B1F460 /* SceneDelegate.h */,
				C2069267286A61E900B1F460 /* AppDelegate.m */,
				C2069266286A61E900B1F460 /* AppDelegate.h */,
				C2B24375287607A6003EAE4C /* ProfileViewController.h */,
				C2B24376287607A6003EAE4C /* ProfileViewController.m */,
				C2069272286A61EA00B1F460 /* Assets.xcassets */,
				C2069274286A61EA00B1F460 /* LaunchScreen.storyboard */,
				C2069277286A61EA00B1F460 /* Info.plist */,
				C2069278286A61EA00B1F460 /* main.m */,
			);
			path = Instagram;
			sourceTree = "<group>";
		};
		C2069281286A61EA00B1F460 /* InstagramTests */ = {
			isa = PBXGroup;
			children = (
				C2069282286A61EA00B1F460 /* InstagramTests.m */,
			);
			path = InstagramTests;
			sourceTree = "<group>";
		};
		C206928B286A61EA00B1F460 /* InstagramUITests */ = {
			isa = PBXGroup;
			children = (
				C206928C286A61EA00B1F460 /* InstagramUITests.m */,
				C206928E286A61EA00B1F460 /* InstagramUITestsLaunchTests.m */,
			);
			path = InstagramUITests;
			sourceTree = "<group>";
		};
		C2B2431B2874150E003EAE4C /* View Controllers */ = {
			isa = PBXGroup;
			children = (
				C2B2431E287417C5003EAE4C /* PhotoMapViewController.m */,
				C2B2431D287417C5003EAE4C /* PhotoMapViewController.h */,
				C2B2431728740A34003EAE4C /* HomeFeedViewController.m */,
				C2B2431628740A34003EAE4C /* HomeFeedViewController.h */,
				C206929C286CD2FC00B1F460 /* LogInViewController.m */,
				C206929B286CD2FC00B1F460 /* LogInViewController.h */,
				C2B2430F28739479003EAE4C /* SignUpViewController.m */,
				C2B2430E28739479003EAE4C /* SignUpViewController.h */,
				C206926D286A61E900B1F460 /* ViewController.m */,
				C206926C286A61E900B1F460 /* ViewController.h */,
			);
			path = "View Controllers";
			sourceTree = "<group>";
		};
/* End PBXGroup section */

/* Begin PBXNativeTarget section */
		C2069262286A61E900B1F460 /* Instagram */ = {
			isa = PBXNativeTarget;
			buildConfigurationList = C2069292286A61EA00B1F460 /* Build configuration list for PBXNativeTarget "Instagram" */;
			buildPhases = (
				7120714ECDA87D946986C831 /* [CP] Check Pods Manifest.lock */,
				C206925F286A61E900B1F460 /* Sources */,
				C2069260286A61E900B1F460 /* Frameworks */,
				C2069261286A61E900B1F460 /* Resources */,
				514E8B809178D8AE407BBF29 /* [CP] Embed Pods Frameworks */,
			);
			buildRules = (
			);
			dependencies = (
			);
			name = Instagram;
			productName = Instagram;
			productReference = C2069263286A61E900B1F460 /* Instagram.app */;
			productType = "com.apple.product-type.application";
		};
		C206927D286A61EA00B1F460 /* InstagramTests */ = {
			isa = PBXNativeTarget;
			buildConfigurationList = C2069295286A61EA00B1F460 /* Build configuration list for PBXNativeTarget "InstagramTests" */;
			buildPhases = (
				440584F0C263CC5491777B38 /* [CP] Check Pods Manifest.lock */,
				C206927A286A61EA00B1F460 /* Sources */,
				C206927B286A61EA00B1F460 /* Frameworks */,
				C206927C286A61EA00B1F460 /* Resources */,
			);
			buildRules = (
			);
			dependencies = (
				C2069280286A61EA00B1F460 /* PBXTargetDependency */,
			);
			name = InstagramTests;
			productName = InstagramTests;
			productReference = C206927E286A61EA00B1F460 /* InstagramTests.xctest */;
			productType = "com.apple.product-type.bundle.unit-test";
		};
		C2069287286A61EA00B1F460 /* InstagramUITests */ = {
			isa = PBXNativeTarget;
			buildConfigurationList = C2069298286A61EA00B1F460 /* Build configuration list for PBXNativeTarget "InstagramUITests" */;
			buildPhases = (
				BEA2736077B5CB87D7584445 /* [CP] Check Pods Manifest.lock */,
				C2069284286A61EA00B1F460 /* Sources */,
				C2069285286A61EA00B1F460 /* Frameworks */,
				C2069286286A61EA00B1F460 /* Resources */,
				E11B6B1C3299F3B072A50AF4 /* [CP] Embed Pods Frameworks */,
			);
			buildRules = (
			);
			dependencies = (
				C206928A286A61EA00B1F460 /* PBXTargetDependency */,
			);
			name = InstagramUITests;
			productName = InstagramUITests;
			productReference = C2069288286A61EA00B1F460 /* InstagramUITests.xctest */;
			productType = "com.apple.product-type.bundle.ui-testing";
		};
/* End PBXNativeTarget section */

/* Begin PBXProject section */
		C206925B286A61E900B1F460 /* Project object */ = {
			isa = PBXProject;
			attributes = {
				BuildIndependentTargetsInParallel = 1;
				LastUpgradeCheck = 1340;
				TargetAttributes = {
					C2069262286A61E900B1F460 = {
						CreatedOnToolsVersion = 13.4.1;
					};
					C206927D286A61EA00B1F460 = {
						CreatedOnToolsVersion = 13.4.1;
						TestTargetID = C2069262286A61E900B1F460;
					};
					C2069287286A61EA00B1F460 = {
						CreatedOnToolsVersion = 13.4.1;
						TestTargetID = C2069262286A61E900B1F460;
					};
				};
			};
			buildConfigurationList = C206925E286A61E900B1F460 /* Build configuration list for PBXProject "Instagram" */;
			compatibilityVersion = "Xcode 13.0";
			developmentRegion = en;
			hasScannedForEncodings = 0;
			knownRegions = (
				en,
				Base,
			);
			mainGroup = C206925A286A61E900B1F460;
			productRefGroup = C2069264286A61E900B1F460 /* Products */;
			projectDirPath = "";
			projectRoot = "";
			targets = (
				C2069262286A61E900B1F460 /* Instagram */,
				C206927D286A61EA00B1F460 /* InstagramTests */,
				C2069287286A61EA00B1F460 /* InstagramUITests */,
			);
		};
/* End PBXProject section */

/* Begin PBXResourcesBuildPhase section */
		C2069261286A61E900B1F460 /* Resources */ = {
			isa = PBXResourcesBuildPhase;
			buildActionMask = 2147483647;
			files = (
				C2069276286A61EA00B1F460 /* LaunchScreen.storyboard in Resources */,
				C2069273286A61EA00B1F460 /* Assets.xcassets in Resources */,
				C2069271286A61E900B1F460 /* Main.storyboard in Resources */,
			);
			runOnlyForDeploymentPostprocessing = 0;
		};
		C206927C286A61EA00B1F460 /* Resources */ = {
			isa = PBXResourcesBuildPhase;
			buildActionMask = 2147483647;
			files = (
			);
			runOnlyForDeploymentPostprocessing = 0;
		};
		C2069286286A61EA00B1F460 /* Resources */ = {
			isa = PBXResourcesBuildPhase;
			buildActionMask = 2147483647;
			files = (
			);
			runOnlyForDeploymentPostprocessing = 0;
		};
/* End PBXResourcesBuildPhase section */

/* Begin PBXShellScriptBuildPhase section */
		440584F0C263CC5491777B38 /* [CP] Check Pods Manifest.lock */ = {
			isa = PBXShellScriptBuildPhase;
			buildActionMask = 2147483647;
			files = (
			);
			inputFileListPaths = (
			);
			inputPaths = (
				"${PODS_PODFILE_DIR_PATH}/Podfile.lock",
				"${PODS_ROOT}/Manifest.lock",
			);
			name = "[CP] Check Pods Manifest.lock";
			outputFileListPaths = (
			);
			outputPaths = (
				"$(DERIVED_FILE_DIR)/Pods-InstagramTests-checkManifestLockResult.txt",
			);
			runOnlyForDeploymentPostprocessing = 0;
			shellPath = /bin/sh;
			shellScript = "diff \"${PODS_PODFILE_DIR_PATH}/Podfile.lock\" \"${PODS_ROOT}/Manifest.lock\" > /dev/null\nif [ $? != 0 ] ; then\n    # print error to STDERR\n    echo \"error: The sandbox is not in sync with the Podfile.lock. Run 'pod install' or update your CocoaPods installation.\" >&2\n    exit 1\nfi\n# This output is used by Xcode 'outputs' to avoid re-running this script phase.\necho \"SUCCESS\" > \"${SCRIPT_OUTPUT_FILE_0}\"\n";
			showEnvVarsInLog = 0;
		};
		514E8B809178D8AE407BBF29 /* [CP] Embed Pods Frameworks */ = {
			isa = PBXShellScriptBuildPhase;
			buildActionMask = 2147483647;
			files = (
			);
			inputFileListPaths = (
				"${PODS_ROOT}/Target Support Files/Pods-Instagram/Pods-Instagram-frameworks-${CONFIGURATION}-input-files.xcfilelist",
			);
			name = "[CP] Embed Pods Frameworks";
			outputFileListPaths = (
				"${PODS_ROOT}/Target Support Files/Pods-Instagram/Pods-Instagram-frameworks-${CONFIGURATION}-output-files.xcfilelist",
			);
			runOnlyForDeploymentPostprocessing = 0;
			shellPath = /bin/sh;
			shellScript = "\"${PODS_ROOT}/Target Support Files/Pods-Instagram/Pods-Instagram-frameworks.sh\"\n";
			showEnvVarsInLog = 0;
		};
		7120714ECDA87D946986C831 /* [CP] Check Pods Manifest.lock */ = {
			isa = PBXShellScriptBuildPhase;
			buildActionMask = 2147483647;
			files = (
			);
			inputFileListPaths = (
			);
			inputPaths = (
				"${PODS_PODFILE_DIR_PATH}/Podfile.lock",
				"${PODS_ROOT}/Manifest.lock",
			);
			name = "[CP] Check Pods Manifest.lock";
			outputFileListPaths = (
			);
			outputPaths = (
				"$(DERIVED_FILE_DIR)/Pods-Instagram-checkManifestLockResult.txt",
			);
			runOnlyForDeploymentPostprocessing = 0;
			shellPath = /bin/sh;
			shellScript = "diff \"${PODS_PODFILE_DIR_PATH}/Podfile.lock\" \"${PODS_ROOT}/Manifest.lock\" > /dev/null\nif [ $? != 0 ] ; then\n    # print error to STDERR\n    echo \"error: The sandbox is not in sync with the Podfile.lock. Run 'pod install' or update your CocoaPods installation.\" >&2\n    exit 1\nfi\n# This output is used by Xcode 'outputs' to avoid re-running this script phase.\necho \"SUCCESS\" > \"${SCRIPT_OUTPUT_FILE_0}\"\n";
			showEnvVarsInLog = 0;
		};
		BEA2736077B5CB87D7584445 /* [CP] Check Pods Manifest.lock */ = {
			isa = PBXShellScriptBuildPhase;
			buildActionMask = 2147483647;
			files = (
			);
			inputFileListPaths = (
			);
			inputPaths = (
				"${PODS_PODFILE_DIR_PATH}/Podfile.lock",
				"${PODS_ROOT}/Manifest.lock",
			);
			name = "[CP] Check Pods Manifest.lock";
			outputFileListPaths = (
			);
			outputPaths = (
				"$(DERIVED_FILE_DIR)/Pods-Instagram-InstagramUITests-checkManifestLockResult.txt",
			);
			runOnlyForDeploymentPostprocessing = 0;
			shellPath = /bin/sh;
			shellScript = "diff \"${PODS_PODFILE_DIR_PATH}/Podfile.lock\" \"${PODS_ROOT}/Manifest.lock\" > /dev/null\nif [ $? != 0 ] ; then\n    # print error to STDERR\n    echo \"error: The sandbox is not in sync with the Podfile.lock. Run 'pod install' or update your CocoaPods installation.\" >&2\n    exit 1\nfi\n# This output is used by Xcode 'outputs' to avoid re-running this script phase.\necho \"SUCCESS\" > \"${SCRIPT_OUTPUT_FILE_0}\"\n";
			showEnvVarsInLog = 0;
		};
		E11B6B1C3299F3B072A50AF4 /* [CP] Embed Pods Frameworks */ = {
			isa = PBXShellScriptBuildPhase;
			buildActionMask = 2147483647;
			files = (
			);
			inputFileListPaths = (
				"${PODS_ROOT}/Target Support Files/Pods-Instagram-InstagramUITests/Pods-Instagram-InstagramUITests-frameworks-${CONFIGURATION}-input-files.xcfilelist",
			);
			name = "[CP] Embed Pods Frameworks";
			outputFileListPaths = (
				"${PODS_ROOT}/Target Support Files/Pods-Instagram-InstagramUITests/Pods-Instagram-InstagramUITests-frameworks-${CONFIGURATION}-output-files.xcfilelist",
			);
			runOnlyForDeploymentPostprocessing = 0;
			shellPath = /bin/sh;
			shellScript = "\"${PODS_ROOT}/Target Support Files/Pods-Instagram-InstagramUITests/Pods-Instagram-InstagramUITests-frameworks.sh\"\n";
			showEnvVarsInLog = 0;
		};
/* End PBXShellScriptBuildPhase section */

/* Begin PBXSourcesBuildPhase section */
		C206925F286A61E900B1F460 /* Sources */ = {
			isa = PBXSourcesBuildPhase;
			buildActionMask = 2147483647;
			files = (
				C2B2431F287417C5003EAE4C /* PhotoMapViewController.m in Sources */,
				C206926E286A61E900B1F460 /* ViewController.m in Sources */,
				C2B243142873BC5B003EAE4C /* User.m in Sources */,
				C2069268286A61E900B1F460 /* AppDelegate.m in Sources */,
				C2B2431028739479003EAE4C /* SignUpViewController.m in Sources */,
				C2B2432528744783003EAE4C /* Post.m in Sources */,
				C206929D286CD2FC00B1F460 /* LogInViewController.m in Sources */,
				C2069279286A61EA00B1F460 /* main.m in Sources */,
				C2B24377287607A6003EAE4C /* ProfileViewController.m in Sources */,
				C206926B286A61E900B1F460 /* SceneDelegate.m in Sources */,
				C2B2431828740A34003EAE4C /* HomeFeedViewController.m in Sources */,
				C2B2437C28761084003EAE4C /* PostCell.m in Sources */,
			);
			runOnlyForDeploymentPostprocessing = 0;
		};
		C206927A286A61EA00B1F460 /* Sources */ = {
			isa = PBXSourcesBuildPhase;
			buildActionMask = 2147483647;
			files = (
				C2069283286A61EA00B1F460 /* InstagramTests.m in Sources */,
			);
			runOnlyForDeploymentPostprocessing = 0;
		};
		C2069284286A61EA00B1F460 /* Sources */ = {
			isa = PBXSourcesBuildPhase;
			buildActionMask = 2147483647;
			files = (
				C206928D286A61EA00B1F460 /* InstagramUITests.m in Sources */,
				C206928F286A61EA00B1F460 /* InstagramUITestsLaunchTests.m in Sources */,
			);
			runOnlyForDeploymentPostprocessing = 0;
		};
/* End PBXSourcesBuildPhase section */

/* Begin PBXTargetDependency section */
		C2069280286A61EA00B1F460 /* PBXTargetDependency */ = {
			isa = PBXTargetDependency;
			target = C2069262286A61E900B1F460 /* Instagram */;
			targetProxy = C206927F286A61EA00B1F460 /* PBXContainerItemProxy */;
		};
		C206928A286A61EA00B1F460 /* PBXTargetDependency */ = {
			isa = PBXTargetDependency;
			target = C2069262286A61E900B1F460 /* Instagram */;
			targetProxy = C2069289286A61EA00B1F460 /* PBXContainerItemProxy */;
		};
/* End PBXTargetDependency section */

/* Begin PBXVariantGroup section */
		C206926F286A61E900B1F460 /* Main.storyboard */ = {
			isa = PBXVariantGroup;
			children = (
				C2069270286A61E900B1F460 /* Base */,
			);
			name = Main.storyboard;
			sourceTree = "<group>";
		};
		C2069274286A61EA00B1F460 /* LaunchScreen.storyboard */ = {
			isa = PBXVariantGroup;
			children = (
				C2069275286A61EA00B1F460 /* Base */,
			);
			name = LaunchScreen.storyboard;
			sourceTree = "<group>";
		};
/* End PBXVariantGroup section */

/* Begin XCBuildConfiguration section */
		C2069290286A61EA00B1F460 /* Debug */ = {
			isa = XCBuildConfiguration;
			buildSettings = {
				ALWAYS_SEARCH_USER_PATHS = NO;
				CLANG_ANALYZER_NONNULL = YES;
				CLANG_ANALYZER_NUMBER_OBJECT_CONVERSION = YES_AGGRESSIVE;
				CLANG_CXX_LANGUAGE_STANDARD = "gnu++17";
				CLANG_ENABLE_MODULES = YES;
				CLANG_ENABLE_OBJC_ARC = YES;
				CLANG_ENABLE_OBJC_WEAK = YES;
				CLANG_WARN_BLOCK_CAPTURE_AUTORELEASING = YES;
				CLANG_WARN_BOOL_CONVERSION = YES;
				CLANG_WARN_COMMA = YES;
				CLANG_WARN_CONSTANT_CONVERSION = YES;
				CLANG_WARN_DEPRECATED_OBJC_IMPLEMENTATIONS = YES;
				CLANG_WARN_DIRECT_OBJC_ISA_USAGE = YES_ERROR;
				CLANG_WARN_DOCUMENTATION_COMMENTS = YES;
				CLANG_WARN_EMPTY_BODY = YES;
				CLANG_WARN_ENUM_CONVERSION = YES;
				CLANG_WARN_INFINITE_RECURSION = YES;
				CLANG_WARN_INT_CONVERSION = YES;
				CLANG_WARN_NON_LITERAL_NULL_CONVERSION = YES;
				CLANG_WARN_OBJC_IMPLICIT_RETAIN_SELF = YES;
				CLANG_WARN_OBJC_LITERAL_CONVERSION = YES;
				CLANG_WARN_OBJC_ROOT_CLASS = YES_ERROR;
				CLANG_WARN_QUOTED_INCLUDE_IN_FRAMEWORK_HEADER = YES;
				CLANG_WARN_RANGE_LOOP_ANALYSIS = YES;
				CLANG_WARN_STRICT_PROTOTYPES = YES;
				CLANG_WARN_SUSPICIOUS_MOVE = YES;
				CLANG_WARN_UNGUARDED_AVAILABILITY = YES_AGGRESSIVE;
				CLANG_WARN_UNREACHABLE_CODE = YES;
				CLANG_WARN__DUPLICATE_METHOD_MATCH = YES;
				COPY_PHASE_STRIP = NO;
				DEBUG_INFORMATION_FORMAT = dwarf;
				ENABLE_STRICT_OBJC_MSGSEND = YES;
				ENABLE_TESTABILITY = YES;
				GCC_C_LANGUAGE_STANDARD = gnu11;
				GCC_DYNAMIC_NO_PIC = NO;
				GCC_NO_COMMON_BLOCKS = YES;
				GCC_OPTIMIZATION_LEVEL = 0;
				GCC_PREPROCESSOR_DEFINITIONS = (
					"DEBUG=1",
					"$(inherited)",
				);
				GCC_WARN_64_TO_32_BIT_CONVERSION = YES;
				GCC_WARN_ABOUT_RETURN_TYPE = YES_ERROR;
				GCC_WARN_UNDECLARED_SELECTOR = YES;
				GCC_WARN_UNINITIALIZED_AUTOS = YES_AGGRESSIVE;
				GCC_WARN_UNUSED_FUNCTION = YES;
				GCC_WARN_UNUSED_VARIABLE = YES;
				IPHONEOS_DEPLOYMENT_TARGET = 15.5;
				MTL_ENABLE_DEBUG_INFO = INCLUDE_SOURCE;
				MTL_FAST_MATH = YES;
				ONLY_ACTIVE_ARCH = YES;
				SDKROOT = iphoneos;
			};
			name = Debug;
		};
		C2069291286A61EA00B1F460 /* Release */ = {
			isa = XCBuildConfiguration;
			buildSettings = {
				ALWAYS_SEARCH_USER_PATHS = NO;
				CLANG_ANALYZER_NONNULL = YES;
				CLANG_ANALYZER_NUMBER_OBJECT_CONVERSION = YES_AGGRESSIVE;
				CLANG_CXX_LANGUAGE_STANDARD = "gnu++17";
				CLANG_ENABLE_MODULES = YES;
				CLANG_ENABLE_OBJC_ARC = YES;
				CLANG_ENABLE_OBJC_WEAK = YES;
				CLANG_WARN_BLOCK_CAPTURE_AUTORELEASING = YES;
				CLANG_WARN_BOOL_CONVERSION = YES;
				CLANG_WARN_COMMA = YES;
				CLANG_WARN_CONSTANT_CONVERSION = YES;
				CLANG_WARN_DEPRECATED_OBJC_IMPLEMENTATIONS = YES;
				CLANG_WARN_DIRECT_OBJC_ISA_USAGE = YES_ERROR;
				CLANG_WARN_DOCUMENTATION_COMMENTS = YES;
				CLANG_WARN_EMPTY_BODY = YES;
				CLANG_WARN_ENUM_CONVERSION = YES;
				CLANG_WARN_INFINITE_RECURSION = YES;
				CLANG_WARN_INT_CONVERSION = YES;
				CLANG_WARN_NON_LITERAL_NULL_CONVERSION = YES;
				CLANG_WARN_OBJC_IMPLICIT_RETAIN_SELF = YES;
				CLANG_WARN_OBJC_LITERAL_CONVERSION = YES;
				CLANG_WARN_OBJC_ROOT_CLASS = YES_ERROR;
				CLANG_WARN_QUOTED_INCLUDE_IN_FRAMEWORK_HEADER = YES;
				CLANG_WARN_RANGE_LOOP_ANALYSIS = YES;
				CLANG_WARN_STRICT_PROTOTYPES = YES;
				CLANG_WARN_SUSPICIOUS_MOVE = YES;
				CLANG_WARN_UNGUARDED_AVAILABILITY = YES_AGGRESSIVE;
				CLANG_WARN_UNREACHABLE_CODE = YES;
				CLANG_WARN__DUPLICATE_METHOD_MATCH = YES;
				COPY_PHASE_STRIP = NO;
				DEBUG_INFORMATION_FORMAT = "dwarf-with-dsym";
				ENABLE_NS_ASSERTIONS = NO;
				ENABLE_STRICT_OBJC_MSGSEND = YES;
				GCC_C_LANGUAGE_STANDARD = gnu11;
				GCC_NO_COMMON_BLOCKS = YES;
				GCC_WARN_64_TO_32_BIT_CONVERSION = YES;
				GCC_WARN_ABOUT_RETURN_TYPE = YES_ERROR;
				GCC_WARN_UNDECLARED_SELECTOR = YES;
				GCC_WARN_UNINITIALIZED_AUTOS = YES_AGGRESSIVE;
				GCC_WARN_UNUSED_FUNCTION = YES;
				GCC_WARN_UNUSED_VARIABLE = YES;
				IPHONEOS_DEPLOYMENT_TARGET = 15.5;
				MTL_ENABLE_DEBUG_INFO = NO;
				MTL_FAST_MATH = YES;
				SDKROOT = iphoneos;
				VALIDATE_PRODUCT = YES;
			};
			name = Release;
		};
		C2069293286A61EA00B1F460 /* Debug */ = {
			isa = XCBuildConfiguration;
			baseConfigurationReference = 33D69D322690B6561E6C12C0 /* Pods-Instagram.debug.xcconfig */;
			buildSettings = {
				ASSETCATALOG_COMPILER_APPICON_NAME = AppIcon;
				ASSETCATALOG_COMPILER_GLOBAL_ACCENT_COLOR_NAME = AccentColor;
				CODE_SIGN_STYLE = Automatic;
				CURRENT_PROJECT_VERSION = 1;
				DEVELOPMENT_TEAM = Y442UHJ5VP;
				GENERATE_INFOPLIST_FILE = YES;
				INFOPLIST_FILE = Instagram/Info.plist;
				INFOPLIST_KEY_UIApplicationSupportsIndirectInputEvents = YES;
				INFOPLIST_KEY_UILaunchStoryboardName = LaunchScreen;
				INFOPLIST_KEY_UIMainStoryboardFile = Main;
				INFOPLIST_KEY_UISupportedInterfaceOrientations_iPad = "UIInterfaceOrientationPortrait UIInterfaceOrientationPortraitUpsideDown UIInterfaceOrientationLandscapeLeft UIInterfaceOrientationLandscapeRight";
				INFOPLIST_KEY_UISupportedInterfaceOrientations_iPhone = "UIInterfaceOrientationPortrait UIInterfaceOrientationLandscapeLeft UIInterfaceOrientationLandscapeRight";
				LD_RUNPATH_SEARCH_PATHS = (
					"$(inherited)",
					"@executable_path/Frameworks",
				);
				MARKETING_VERSION = 1.0;
				PRODUCT_BUNDLE_IDENTIFIER = com.codepath.Instagram;
				PRODUCT_NAME = "$(TARGET_NAME)";
				SWIFT_EMIT_LOC_STRINGS = YES;
				TARGETED_DEVICE_FAMILY = "1,2";
			};
			name = Debug;
		};
		C2069294286A61EA00B1F460 /* Release */ = {
			isa = XCBuildConfiguration;
			baseConfigurationReference = A26DC415542498828D305860 /* Pods-Instagram.release.xcconfig */;
			buildSettings = {
				ASSETCATALOG_COMPILER_APPICON_NAME = AppIcon;
				ASSETCATALOG_COMPILER_GLOBAL_ACCENT_COLOR_NAME = AccentColor;
				CODE_SIGN_STYLE = Automatic;
				CURRENT_PROJECT_VERSION = 1;
				DEVELOPMENT_TEAM = Y442UHJ5VP;
				GENERATE_INFOPLIST_FILE = YES;
				INFOPLIST_FILE = Instagram/Info.plist;
				INFOPLIST_KEY_UIApplicationSupportsIndirectInputEvents = YES;
				INFOPLIST_KEY_UILaunchStoryboardName = LaunchScreen;
				INFOPLIST_KEY_UIMainStoryboardFile = Main;
				INFOPLIST_KEY_UISupportedInterfaceOrientations_iPad = "UIInterfaceOrientationPortrait UIInterfaceOrientationPortraitUpsideDown UIInterfaceOrientationLandscapeLeft UIInterfaceOrientationLandscapeRight";
				INFOPLIST_KEY_UISupportedInterfaceOrientations_iPhone = "UIInterfaceOrientationPortrait UIInterfaceOrientationLandscapeLeft UIInterfaceOrientationLandscapeRight";
				LD_RUNPATH_SEARCH_PATHS = (
					"$(inherited)",
					"@executable_path/Frameworks",
				);
				MARKETING_VERSION = 1.0;
				PRODUCT_BUNDLE_IDENTIFIER = com.codepath.Instagram;
				PRODUCT_NAME = "$(TARGET_NAME)";
				SWIFT_EMIT_LOC_STRINGS = YES;
				TARGETED_DEVICE_FAMILY = "1,2";
			};
			name = Release;
		};
		C2069296286A61EA00B1F460 /* Debug */ = {
			isa = XCBuildConfiguration;
			baseConfigurationReference = CAE0E57D0787CF2EA4EF150D /* Pods-InstagramTests.debug.xcconfig */;
			buildSettings = {
				BUNDLE_LOADER = "$(TEST_HOST)";
				CODE_SIGN_STYLE = Automatic;
				CURRENT_PROJECT_VERSION = 1;
				DEVELOPMENT_TEAM = Y442UHJ5VP;
				GENERATE_INFOPLIST_FILE = YES;
				IPHONEOS_DEPLOYMENT_TARGET = 15.5;
				MARKETING_VERSION = 1.0;
				PRODUCT_BUNDLE_IDENTIFIER = com.codepath.InstagramTests;
				PRODUCT_NAME = "$(TARGET_NAME)";
				SWIFT_EMIT_LOC_STRINGS = NO;
				TARGETED_DEVICE_FAMILY = "1,2";
				TEST_HOST = "$(BUILT_PRODUCTS_DIR)/Instagram.app/Instagram";
			};
			name = Debug;
		};
		C2069297286A61EA00B1F460 /* Release */ = {
			isa = XCBuildConfiguration;
			baseConfigurationReference = 7F47120A8AEC3628DF565D27 /* Pods-InstagramTests.release.xcconfig */;
			buildSettings = {
				BUNDLE_LOADER = "$(TEST_HOST)";
				CODE_SIGN_STYLE = Automatic;
				CURRENT_PROJECT_VERSION = 1;
				DEVELOPMENT_TEAM = Y442UHJ5VP;
				GENERATE_INFOPLIST_FILE = YES;
				IPHONEOS_DEPLOYMENT_TARGET = 15.5;
				MARKETING_VERSION = 1.0;
				PRODUCT_BUNDLE_IDENTIFIER = com.codepath.InstagramTests;
				PRODUCT_NAME = "$(TARGET_NAME)";
				SWIFT_EMIT_LOC_STRINGS = NO;
				TARGETED_DEVICE_FAMILY = "1,2";
				TEST_HOST = "$(BUILT_PRODUCTS_DIR)/Instagram.app/Instagram";
			};
			name = Release;
		};
		C2069299286A61EA00B1F460 /* Debug */ = {
			isa = XCBuildConfiguration;
			baseConfigurationReference = C4C1541C4A1C66E4D60EC225 /* Pods-Instagram-InstagramUITests.debug.xcconfig */;
			buildSettings = {
				CODE_SIGN_STYLE = Automatic;
				CURRENT_PROJECT_VERSION = 1;
				DEVELOPMENT_TEAM = Y442UHJ5VP;
				GENERATE_INFOPLIST_FILE = YES;
				MARKETING_VERSION = 1.0;
				PRODUCT_BUNDLE_IDENTIFIER = com.codepath.InstagramUITests;
				PRODUCT_NAME = "$(TARGET_NAME)";
				SWIFT_EMIT_LOC_STRINGS = NO;
				TARGETED_DEVICE_FAMILY = "1,2";
				TEST_TARGET_NAME = Instagram;
			};
			name = Debug;
		};
		C206929A286A61EA00B1F460 /* Release */ = {
			isa = XCBuildConfiguration;
			baseConfigurationReference = 68C4964B4D73FA690D77B758 /* Pods-Instagram-InstagramUITests.release.xcconfig */;
			buildSettings = {
				CODE_SIGN_STYLE = Automatic;
				CURRENT_PROJECT_VERSION = 1;
				DEVELOPMENT_TEAM = Y442UHJ5VP;
				GENERATE_INFOPLIST_FILE = YES;
				MARKETING_VERSION = 1.0;
				PRODUCT_BUNDLE_IDENTIFIER = com.codepath.InstagramUITests;
				PRODUCT_NAME = "$(TARGET_NAME)";
				SWIFT_EMIT_LOC_STRINGS = NO;
				TARGETED_DEVICE_FAMILY = "1,2";
				TEST_TARGET_NAME = Instagram;
			};
			name = Release;
		};
/* End XCBuildConfiguration section */

/* Begin XCConfigurationList section */
		C206925E286A61E900B1F460 /* Build configuration list for PBXProject "Instagram" */ = {
			isa = XCConfigurationList;
			buildConfigurations = (
				C2069290286A61EA00B1F460 /* Debug */,
				C2069291286A61EA00B1F460 /* Release */,
			);
			defaultConfigurationIsVisible = 0;
			defaultConfigurationName = Release;
		};
		C2069292286A61EA00B1F460 /* Build configuration list for PBXNativeTarget "Instagram" */ = {
			isa = XCConfigurationList;
			buildConfigurations = (
				C2069293286A61EA00B1F460 /* Debug */,
				C2069294286A61EA00B1F460 /* Release */,
			);
			defaultConfigurationIsVisible = 0;
			defaultConfigurationName = Release;
		};
		C2069295286A61EA00B1F460 /* Build configuration list for PBXNativeTarget "InstagramTests" */ = {
			isa = XCConfigurationList;
			buildConfigurations = (
				C2069296286A61EA00B1F460 /* Debug */,
				C2069297286A61EA00B1F460 /* Release */,
			);
			defaultConfigurationIsVisible = 0;
			defaultConfigurationName = Release;
		};
		C2069298286A61EA00B1F460 /* Build configuration list for PBXNativeTarget "InstagramUITests" */ = {
			isa = XCConfigurationList;
			buildConfigurations = (
				C2069299286A61EA00B1F460 /* Debug */,
				C206929A286A61EA00B1F460 /* Release */,
			);
			defaultConfigurationIsVisible = 0;
			defaultConfigurationName = Release;
		};
/* End XCConfigurationList section */
	};
	rootObject = C206925B286A61E900B1F460 /* Project object */;
}
